{
  "name": "@otjs/ace",
  "version": "0.1.1",
  "lockfileVersion": 1,
  "requires": true,
  "dependencies": {
    "@types/lodash": {
      "version": "4.14.175",
      "resolved": "https://registry.npmjs.org/@types/lodash/-/lodash-4.14.175.tgz",
      "integrity": "sha512-XmdEOrKQ8a1Y/yxQFOMbC47G/V2VDO1GvMRnl4O75M4GW/abC5tnfzadQYkqEveqRM1dEJGFFegfPNA2vvx2iw==",
      "dev": true
    }
  }
}
